// !$*UTF8*$!
{
	archiveVersion = 1;
	classes = {
	};
	objectVersion = 46;
	objects = {

/* Begin PBXBuildFile section */
		072806AE1D127664008047E9 /* Info.plist in Resources */ = {isa = PBXBuildFile; fileRef = 072806991D127664008047E9 /* Info.plist */; };
		072806AF1D127664008047E9 /* PeerObjc.h in Headers */ = {isa = PBXBuildFile; fileRef = 0728069A1D127664008047E9 /* PeerObjc.h */; settings = {ATTRIBUTES = (Public, ); }; };
		072806B11D127664008047E9 /* WebRTC.h in Headers */ = {isa = PBXBuildFile; fileRef = 0728069D1D127664008047E9 /* WebRTC.h */; };
		072806B21D127664008047E9 /* SRWebSocket.h in Headers */ = {isa = PBXBuildFile; fileRef = 0728069F1D127664008047E9 /* SRWebSocket.h */; };
		072806B31D127664008047E9 /* SRWebSocket.m in Sources */ = {isa = PBXBuildFile; fileRef = 072806A01D127664008047E9 /* SRWebSocket.m */; };
		072806B41D127664008047E9 /* ZHConnection.h in Headers */ = {isa = PBXBuildFile; fileRef = 072806A11D127664008047E9 /* ZHConnection.h */; settings = {ATTRIBUTES = (Public, ); }; };
		072806B51D127664008047E9 /* ZHConnection.m in Sources */ = {isa = PBXBuildFile; fileRef = 072806A21D127664008047E9 /* ZHConnection.m */; };
		072806B61D127664008047E9 /* ZHConstraintsFactory.h in Headers */ = {isa = PBXBuildFile; fileRef = 072806A31D127664008047E9 /* ZHConstraintsFactory.h */; };
		072806B71D127664008047E9 /* ZHConstraintsFactory.m in Sources */ = {isa = PBXBuildFile; fileRef = 072806A41D127664008047E9 /* ZHConstraintsFactory.m */; };
		072806B81D127664008047E9 /* ZHDataConnection.h in Headers */ = {isa = PBXBuildFile; fileRef = 072806A51D127664008047E9 /* ZHDataConnection.h */; settings = {ATTRIBUTES = (Public, ); }; };
		072806B91D127664008047E9 /* ZHDataConnection.m in Sources */ = {isa = PBXBuildFile; fileRef = 072806A61D127664008047E9 /* ZHDataConnection.m */; };
		072806BA1D127664008047E9 /* ZHMediaConnection.h in Headers */ = {isa = PBXBuildFile; fileRef = 072806A71D127664008047E9 /* ZHMediaConnection.h */; settings = {ATTRIBUTES = (Public, ); }; };
		072806BB1D127664008047E9 /* ZHMediaConnection.m in Sources */ = {isa = PBXBuildFile; fileRef = 072806A81D127664008047E9 /* ZHMediaConnection.m */; };
		072806BC1D127664008047E9 /* ZHNegotiator.h in Headers */ = {isa = PBXBuildFile; fileRef = 072806A91D127664008047E9 /* ZHNegotiator.h */; };
		072806BD1D127664008047E9 /* ZHNegotiator.m in Sources */ = {isa = PBXBuildFile; fileRef = 072806AA1D127664008047E9 /* ZHNegotiator.m */; };
		072806BE1D127664008047E9 /* ZHPeer.h in Headers */ = {isa = PBXBuildFile; fileRef = 072806AB1D127664008047E9 /* ZHPeer.h */; settings = {ATTRIBUTES = (Public, ); }; };
		072806BF1D127664008047E9 /* ZHPeer.m in Sources */ = {isa = PBXBuildFile; fileRef = 072806AC1D127664008047E9 /* ZHPeer.m */; };
		072806C01D127664008047E9 /* ZHPrivate.h in Headers */ = {isa = PBXBuildFile; fileRef = 072806AD1D127664008047E9 /* ZHPrivate.h */; };
		072806FE1D129A99008047E9 /* RTCAudioSource.h in Headers */ = {isa = PBXBuildFile; fileRef = 072806DE1D129A99008047E9 /* RTCAudioSource.h */; };
		072806FF1D129A99008047E9 /* RTCAudioTrack.h in Headers */ = {isa = PBXBuildFile; fileRef = 072806DF1D129A99008047E9 /* RTCAudioTrack.h */; };
		072807001D129A99008047E9 /* RTCAVFoundationVideoSource.h in Headers */ = {isa = PBXBuildFile; fileRef = 072806E01D129A99008047E9 /* RTCAVFoundationVideoSource.h */; };
		072807011D129A99008047E9 /* RTCDataChannel.h in Headers */ = {isa = PBXBuildFile; fileRef = 072806E11D129A99008047E9 /* RTCDataChannel.h */; };
		072807021D129A99008047E9 /* RTCEAGLVideoView.h in Headers */ = {isa = PBXBuildFile; fileRef = 072806E21D129A99008047E9 /* RTCEAGLVideoView.h */; };
		072807031D129A99008047E9 /* RTCFileLogger.h in Headers */ = {isa = PBXBuildFile; fileRef = 072806E31D129A99008047E9 /* RTCFileLogger.h */; };
		072807041D129A99008047E9 /* RTCI420Frame.h in Headers */ = {isa = PBXBuildFile; fileRef = 072806E41D129A99008047E9 /* RTCI420Frame.h */; };
		072807051D129A99008047E9 /* RTCICECandidate.h in Headers */ = {isa = PBXBuildFile; fileRef = 072806E51D129A99008047E9 /* RTCICECandidate.h */; };
		072807061D129A99008047E9 /* RTCICEServer.h in Headers */ = {isa = PBXBuildFile; fileRef = 072806E61D129A99008047E9 /* RTCICEServer.h */; };
		072807071D129A99008047E9 /* RTCLogging.h in Headers */ = {isa = PBXBuildFile; fileRef = 072806E71D129A99008047E9 /* RTCLogging.h */; };
		072807081D129A99008047E9 /* RTCMediaConstraints.h in Headers */ = {isa = PBXBuildFile; fileRef = 072806E81D129A99008047E9 /* RTCMediaConstraints.h */; };
		072807091D129A99008047E9 /* RTCMediaSource.h in Headers */ = {isa = PBXBuildFile; fileRef = 072806E91D129A99008047E9 /* RTCMediaSource.h */; };
		0728070A1D129A99008047E9 /* RTCMediaStream.h in Headers */ = {isa = PBXBuildFile; fileRef = 072806EA1D129A99008047E9 /* RTCMediaStream.h */; };
		0728070B1D129A99008047E9 /* RTCMediaStreamTrack.h in Headers */ = {isa = PBXBuildFile; fileRef = 072806EB1D129A99008047E9 /* RTCMediaStreamTrack.h */; };
		0728070C1D129A99008047E9 /* RTCNSGLVideoView.h in Headers */ = {isa = PBXBuildFile; fileRef = 072806EC1D129A99008047E9 /* RTCNSGLVideoView.h */; };
		0728070D1D129A99008047E9 /* RTCOpenGLVideoRenderer.h in Headers */ = {isa = PBXBuildFile; fileRef = 072806ED1D129A99008047E9 /* RTCOpenGLVideoRenderer.h */; };
		0728070E1D129A99008047E9 /* RTCPair.h in Headers */ = {isa = PBXBuildFile; fileRef = 072806EE1D129A99008047E9 /* RTCPair.h */; };
		0728070F1D129A99008047E9 /* RTCPeerConnection.h in Headers */ = {isa = PBXBuildFile; fileRef = 072806EF1D129A99008047E9 /* RTCPeerConnection.h */; };
		072807101D129A99008047E9 /* RTCPeerConnectionDelegate.h in Headers */ = {isa = PBXBuildFile; fileRef = 072806F01D129A99008047E9 /* RTCPeerConnectionDelegate.h */; };
		072807111D129A99008047E9 /* RTCPeerConnectionFactory.h in Headers */ = {isa = PBXBuildFile; fileRef = 072806F11D129A99008047E9 /* RTCPeerConnectionFactory.h */; };
		072807121D129A99008047E9 /* RTCPeerConnectionInterface.h in Headers */ = {isa = PBXBuildFile; fileRef = 072806F21D129A99008047E9 /* RTCPeerConnectionInterface.h */; };
		072807131D129A99008047E9 /* RTCSessionDescription.h in Headers */ = {isa = PBXBuildFile; fileRef = 072806F31D129A99008047E9 /* RTCSessionDescription.h */; };
		072807141D129A99008047E9 /* RTCSessionDescriptionDelegate.h in Headers */ = {isa = PBXBuildFile; fileRef = 072806F41D129A99008047E9 /* RTCSessionDescriptionDelegate.h */; };
		072807151D129A99008047E9 /* RTCStatsDelegate.h in Headers */ = {isa = PBXBuildFile; fileRef = 072806F51D129A99008047E9 /* RTCStatsDelegate.h */; };
		072807161D129A99008047E9 /* RTCStatsReport.h in Headers */ = {isa = PBXBuildFile; fileRef = 072806F61D129A99008047E9 /* RTCStatsReport.h */; };
		072807171D129A99008047E9 /* RTCTypes.h in Headers */ = {isa = PBXBuildFile; fileRef = 072806F71D129A99008047E9 /* RTCTypes.h */; };
		072807181D129A99008047E9 /* RTCVideoCapturer.h in Headers */ = {isa = PBXBuildFile; fileRef = 072806F81D129A99008047E9 /* RTCVideoCapturer.h */; };
		072807191D129A99008047E9 /* RTCVideoRenderer.h in Headers */ = {isa = PBXBuildFile; fileRef = 072806F91D129A99008047E9 /* RTCVideoRenderer.h */; };
		0728071A1D129A99008047E9 /* RTCVideoSource.h in Headers */ = {isa = PBXBuildFile; fileRef = 072806FA1D129A99008047E9 /* RTCVideoSource.h */; };
		0728071B1D129A99008047E9 /* RTCVideoTrack.h in Headers */ = {isa = PBXBuildFile; fileRef = 072806FB1D129A99008047E9 /* RTCVideoTrack.h */; };
		0728071C1D129A99008047E9 /* libWebRTC.a in Frameworks */ = {isa = PBXBuildFile; fileRef = 072806FD1D129A99008047E9 /* libWebRTC.a */; };
/* End PBXBuildFile section */

/* Begin PBXFileReference section */
		072806881D1275F4008047E9 /* PeerObjc.framework */ = {isa = PBXFileReference; explicitFileType = wrapper.framework; includeInIndex = 0; path = PeerObjc.framework; sourceTree = BUILT_PRODUCTS_DIR; };
		072806991D127664008047E9 /* Info.plist */ = {isa = PBXFileReference; fileEncoding = 4; lastKnownFileType = text.plist.xml; path = Info.plist; sourceTree = "<group>"; };
		0728069A1D127664008047E9 /* PeerObjc.h */ = {isa = PBXFileReference; fileEncoding = 4; lastKnownFileType = sourcecode.c.h; path = PeerObjc.h; sourceTree = "<group>"; };
		0728069D1D127664008047E9 /* WebRTC.h */ = {isa = PBXFileReference; fileEncoding = 4; lastKnownFileType = sourcecode.c.h; path = WebRTC.h; sourceTree = "<group>"; };
		0728069F1D127664008047E9 /* SRWebSocket.h */ = {isa = PBXFileReference; fileEncoding = 4; lastKnownFileType = sourcecode.c.h; path = SRWebSocket.h; sourceTree = "<group>"; };
		072806A01D127664008047E9 /* SRWebSocket.m */ = {isa = PBXFileReference; fileEncoding = 4; lastKnownFileType = sourcecode.c.objc; path = SRWebSocket.m; sourceTree = "<group>"; };
		072806A11D127664008047E9 /* ZHConnection.h */ = {isa = PBXFileReference; fileEncoding = 4; lastKnownFileType = sourcecode.c.h; path = ZHConnection.h; sourceTree = "<group>"; };
		072806A21D127664008047E9 /* ZHConnection.m */ = {isa = PBXFileReference; fileEncoding = 4; lastKnownFileType = sourcecode.c.objc; path = ZHConnection.m; sourceTree = "<group>"; };
		072806A31D127664008047E9 /* ZHConstraintsFactory.h */ = {isa = PBXFileReference; fileEncoding = 4; lastKnownFileType = sourcecode.c.h; path = ZHConstraintsFactory.h; sourceTree = "<group>"; };
		072806A41D127664008047E9 /* ZHConstraintsFactory.m */ = {isa = PBXFileReference; fileEncoding = 4; lastKnownFileType = sourcecode.c.objc; path = ZHConstraintsFactory.m; sourceTree = "<group>"; };
		072806A51D127664008047E9 /* ZHDataConnection.h */ = {isa = PBXFileReference; fileEncoding = 4; lastKnownFileType = sourcecode.c.h; path = ZHDataConnection.h; sourceTree = "<group>"; };
		072806A61D127664008047E9 /* ZHDataConnection.m */ = {isa = PBXFileReference; fileEncoding = 4; lastKnownFileType = sourcecode.c.objc; path = ZHDataConnection.m; sourceTree = "<group>"; };
		072806A71D127664008047E9 /* ZHMediaConnection.h */ = {isa = PBXFileReference; fileEncoding = 4; lastKnownFileType = sourcecode.c.h; path = ZHMediaConnection.h; sourceTree = "<group>"; };
		072806A81D127664008047E9 /* ZHMediaConnection.m */ = {isa = PBXFileReference; fileEncoding = 4; lastKnownFileType = sourcecode.c.objc; path = ZHMediaConnection.m; sourceTree = "<group>"; };
		072806A91D127664008047E9 /* ZHNegotiator.h */ = {isa = PBXFileReference; fileEncoding = 4; lastKnownFileType = sourcecode.c.h; path = ZHNegotiator.h; sourceTree = "<group>"; };
		072806AA1D127664008047E9 /* ZHNegotiator.m */ = {isa = PBXFileReference; fileEncoding = 4; lastKnownFileType = sourcecode.c.objc; path = ZHNegotiator.m; sourceTree = "<group>"; };
		072806AB1D127664008047E9 /* ZHPeer.h */ = {isa = PBXFileReference; fileEncoding = 4; lastKnownFileType = sourcecode.c.h; path = ZHPeer.h; sourceTree = "<group>"; };
		072806AC1D127664008047E9 /* ZHPeer.m */ = {isa = PBXFileReference; fileEncoding = 4; lastKnownFileType = sourcecode.c.objc; path = ZHPeer.m; sourceTree = "<group>"; };
		072806AD1D127664008047E9 /* ZHPrivate.h */ = {isa = PBXFileReference; fileEncoding = 4; lastKnownFileType = sourcecode.c.h; path = ZHPrivate.h; sourceTree = "<group>"; };
		072806DE1D129A99008047E9 /* RTCAudioSource.h */ = {isa = PBXFileReference; fileEncoding = 4; lastKnownFileType = sourcecode.c.h; path = RTCAudioSource.h; sourceTree = "<group>"; };
		072806DF1D129A99008047E9 /* RTCAudioTrack.h */ = {isa = PBXFileReference; fileEncoding = 4; lastKnownFileType = sourcecode.c.h; path = RTCAudioTrack.h; sourceTree = "<group>"; };
		072806E01D129A99008047E9 /* RTCAVFoundationVideoSource.h */ = {isa = PBXFileReference; fileEncoding = 4; lastKnownFileType = sourcecode.c.h; path = RTCAVFoundationVideoSource.h; sourceTree = "<group>"; };
		072806E11D129A99008047E9 /* RTCDataChannel.h */ = {isa = PBXFileReference; fileEncoding = 4; lastKnownFileType = sourcecode.c.h; path = RTCDataChannel.h; sourceTree = "<group>"; };
		072806E21D129A99008047E9 /* RTCEAGLVideoView.h */ = {isa = PBXFileReference; fileEncoding = 4; lastKnownFileType = sourcecode.c.h; path = RTCEAGLVideoView.h; sourceTree = "<group>"; };
		072806E31D129A99008047E9 /* RTCFileLogger.h */ = {isa = PBXFileReference; fileEncoding = 4; lastKnownFileType = sourcecode.c.h; path = RTCFileLogger.h; sourceTree = "<group>"; };
		072806E41D129A99008047E9 /* RTCI420Frame.h */ = {isa = PBXFileReference; fileEncoding = 4; lastKnownFileType = sourcecode.c.h; path = RTCI420Frame.h; sourceTree = "<group>"; };
		072806E51D129A99008047E9 /* RTCICECandidate.h */ = {isa = PBXFileReference; fileEncoding = 4; lastKnownFileType = sourcecode.c.h; path = RTCICECandidate.h; sourceTree = "<group>"; };
		072806E61D129A99008047E9 /* RTCICEServer.h */ = {isa = PBXFileReference; fileEncoding = 4; lastKnownFileType = sourcecode.c.h; path = RTCICEServer.h; sourceTree = "<group>"; };
		072806E71D129A99008047E9 /* RTCLogging.h */ = {isa = PBXFileReference; fileEncoding = 4; lastKnownFileType = sourcecode.c.h; path = RTCLogging.h; sourceTree = "<group>"; };
		072806E81D129A99008047E9 /* RTCMediaConstraints.h */ = {isa = PBXFileReference; fileEncoding = 4; lastKnownFileType = sourcecode.c.h; path = RTCMediaConstraints.h; sourceTree = "<group>"; };
		072806E91D129A99008047E9 /* RTCMediaSource.h */ = {isa = PBXFileReference; fileEncoding = 4; lastKnownFileType = sourcecode.c.h; path = RTCMediaSource.h; sourceTree = "<group>"; };
		072806EA1D129A99008047E9 /* RTCMediaStream.h */ = {isa = PBXFileReference; fileEncoding = 4; lastKnownFileType = sourcecode.c.h; path = RTCMediaStream.h; sourceTree = "<group>"; };
		072806EB1D129A99008047E9 /* RTCMediaStreamTrack.h */ = {isa = PBXFileReference; fileEncoding = 4; lastKnownFileType = sourcecode.c.h; path = RTCMediaStreamTrack.h; sourceTree = "<group>"; };
		072806EC1D129A99008047E9 /* RTCNSGLVideoView.h */ = {isa = PBXFileReference; fileEncoding = 4; lastKnownFileType = sourcecode.c.h; path = RTCNSGLVideoView.h; sourceTree = "<group>"; };
		072806ED1D129A99008047E9 /* RTCOpenGLVideoRenderer.h */ = {isa = PBXFileReference; fileEncoding = 4; lastKnownFileType = sourcecode.c.h; path = RTCOpenGLVideoRenderer.h; sourceTree = "<group>"; };
		072806EE1D129A99008047E9 /* RTCPair.h */ = {isa = PBXFileReference; fileEncoding = 4; lastKnownFileType = sourcecode.c.h; path = RTCPair.h; sourceTree = "<group>"; };
		072806EF1D129A99008047E9 /* RTCPeerConnection.h */ = {isa = PBXFileReference; fileEncoding = 4; lastKnownFileType = sourcecode.c.h; path = RTCPeerConnection.h; sourceTree = "<group>"; };
		072806F01D129A99008047E9 /* RTCPeerConnectionDelegate.h */ = {isa = PBXFileReference; fileEncoding = 4; lastKnownFileType = sourcecode.c.h; path = RTCPeerConnectionDelegate.h; sourceTree = "<group>"; };
		072806F11D129A99008047E9 /* RTCPeerConnectionFactory.h */ = {isa = PBXFileReference; fileEncoding = 4; lastKnownFileType = sourcecode.c.h; path = RTCPeerConnectionFactory.h; sourceTree = "<group>"; };
		072806F21D129A99008047E9 /* RTCPeerConnectionInterface.h */ = {isa = PBXFileReference; fileEncoding = 4; lastKnownFileType = sourcecode.c.h; path = RTCPeerConnectionInterface.h; sourceTree = "<group>"; };
		072806F31D129A99008047E9 /* RTCSessionDescription.h */ = {isa = PBXFileReference; fileEncoding = 4; lastKnownFileType = sourcecode.c.h; path = RTCSessionDescription.h; sourceTree = "<group>"; };
		072806F41D129A99008047E9 /* RTCSessionDescriptionDelegate.h */ = {isa = PBXFileReference; fileEncoding = 4; lastKnownFileType = sourcecode.c.h; path = RTCSessionDescriptionDelegate.h; sourceTree = "<group>"; };
		072806F51D129A99008047E9 /* RTCStatsDelegate.h */ = {isa = PBXFileReference; fileEncoding = 4; lastKnownFileType = sourcecode.c.h; path = RTCStatsDelegate.h; sourceTree = "<group>"; };
		072806F61D129A99008047E9 /* RTCStatsReport.h */ = {isa = PBXFileReference; fileEncoding = 4; lastKnownFileType = sourcecode.c.h; path = RTCStatsReport.h; sourceTree = "<group>"; };
		072806F71D129A99008047E9 /* RTCTypes.h */ = {isa = PBXFileReference; fileEncoding = 4; lastKnownFileType = sourcecode.c.h; path = RTCTypes.h; sourceTree = "<group>"; };
		072806F81D129A99008047E9 /* RTCVideoCapturer.h */ = {isa = PBXFileReference; fileEncoding = 4; lastKnownFileType = sourcecode.c.h; path = RTCVideoCapturer.h; sourceTree = "<group>"; };
		072806F91D129A99008047E9 /* RTCVideoRenderer.h */ = {isa = PBXFileReference; fileEncoding = 4; lastKnownFileType = sourcecode.c.h; path = RTCVideoRenderer.h; sourceTree = "<group>"; };
		072806FA1D129A99008047E9 /* RTCVideoSource.h */ = {isa = PBXFileReference; fileEncoding = 4; lastKnownFileType = sourcecode.c.h; path = RTCVideoSource.h; sourceTree = "<group>"; };
		072806FB1D129A99008047E9 /* RTCVideoTrack.h */ = {isa = PBXFileReference; fileEncoding = 4; lastKnownFileType = sourcecode.c.h; path = RTCVideoTrack.h; sourceTree = "<group>"; };
		072806FD1D129A99008047E9 /* libWebRTC.a */ = {isa = PBXFileReference; lastKnownFileType = archive.ar; path = libWebRTC.a; sourceTree = "<group>"; };
/* End PBXFileReference section */

/* Begin PBXFrameworksBuildPhase section */
		072806841D1275F4008047E9 /* Frameworks */ = {
			isa = PBXFrameworksBuildPhase;
			buildActionMask = 2147483647;
			files = (
				0728071C1D129A99008047E9 /* libWebRTC.a in Frameworks */,
			);
			runOnlyForDeploymentPostprocessing = 0;
		};
/* End PBXFrameworksBuildPhase section */

/* Begin PBXGroup section */
		0728067E1D1275F4008047E9 = {
			isa = PBXGroup;
			children = (
				0728068A1D1275F4008047E9 /* PeerObjc */,
				072806891D1275F4008047E9 /* Products */,
			);
			sourceTree = "<group>";
		};
		072806891D1275F4008047E9 /* Products */ = {
			isa = PBXGroup;
			children = (
				072806881D1275F4008047E9 /* PeerObjc.framework */,
			);
			name = Products;
			sourceTree = "<group>";
		};
		0728068A1D1275F4008047E9 /* PeerObjc */ = {
			isa = PBXGroup;
			children = (
				072806991D127664008047E9 /* Info.plist */,
				0728069A1D127664008047E9 /* PeerObjc.h */,
				0728069B1D127664008047E9 /* WebRTC */,
				0728069E1D127664008047E9 /* WebSocket */,
				072806A11D127664008047E9 /* ZHConnection.h */,
				072806A21D127664008047E9 /* ZHConnection.m */,
				072806A31D127664008047E9 /* ZHConstraintsFactory.h */,
				072806A41D127664008047E9 /* ZHConstraintsFactory.m */,
				072806A51D127664008047E9 /* ZHDataConnection.h */,
				072806A61D127664008047E9 /* ZHDataConnection.m */,
				072806A71D127664008047E9 /* ZHMediaConnection.h */,
				072806A81D127664008047E9 /* ZHMediaConnection.m */,
				072806A91D127664008047E9 /* ZHNegotiator.h */,
				072806AA1D127664008047E9 /* ZHNegotiator.m */,
				072806AB1D127664008047E9 /* ZHPeer.h */,
				072806AC1D127664008047E9 /* ZHPeer.m */,
				072806AD1D127664008047E9 /* ZHPrivate.h */,
			);
			path = PeerObjc;
			sourceTree = "<group>";
		};
		0728069B1D127664008047E9 /* WebRTC */ = {
			isa = PBXGroup;
			children = (
				072806DD1D129A99008047E9 /* include */,
				072806FC1D129A99008047E9 /* lib */,
				0728069D1D127664008047E9 /* WebRTC.h */,
			);
			path = WebRTC;
			sourceTree = "<group>";
		};
		0728069E1D127664008047E9 /* WebSocket */ = {
			isa = PBXGroup;
			children = (
				0728069F1D127664008047E9 /* SRWebSocket.h */,
				072806A01D127664008047E9 /* SRWebSocket.m */,
			);
			path = WebSocket;
			sourceTree = "<group>";
		};
		072806DD1D129A99008047E9 /* include */ = {
			isa = PBXGroup;
			children = (
				072806DE1D129A99008047E9 /* RTCAudioSource.h */,
				072806DF1D129A99008047E9 /* RTCAudioTrack.h */,
				072806E01D129A99008047E9 /* RTCAVFoundationVideoSource.h */,
				072806E11D129A99008047E9 /* RTCDataChannel.h */,
				072806E21D129A99008047E9 /* RTCEAGLVideoView.h */,
				072806E31D129A99008047E9 /* RTCFileLogger.h */,
				072806E41D129A99008047E9 /* RTCI420Frame.h */,
				072806E51D129A99008047E9 /* RTCICECandidate.h */,
				072806E61D129A99008047E9 /* RTCICEServer.h */,
				072806E71D129A99008047E9 /* RTCLogging.h */,
				072806E81D129A99008047E9 /* RTCMediaConstraints.h */,
				072806E91D129A99008047E9 /* RTCMediaSource.h */,
				072806EA1D129A99008047E9 /* RTCMediaStream.h */,
				072806EB1D129A99008047E9 /* RTCMediaStreamTrack.h */,
				072806EC1D129A99008047E9 /* RTCNSGLVideoView.h */,
				072806ED1D129A99008047E9 /* RTCOpenGLVideoRenderer.h */,
				072806EE1D129A99008047E9 /* RTCPair.h */,
				072806EF1D129A99008047E9 /* RTCPeerConnection.h */,
				072806F01D129A99008047E9 /* RTCPeerConnectionDelegate.h */,
				072806F11D129A99008047E9 /* RTCPeerConnectionFactory.h */,
				072806F21D129A99008047E9 /* RTCPeerConnectionInterface.h */,
				072806F31D129A99008047E9 /* RTCSessionDescription.h */,
				072806F41D129A99008047E9 /* RTCSessionDescriptionDelegate.h */,
				072806F51D129A99008047E9 /* RTCStatsDelegate.h */,
				072806F61D129A99008047E9 /* RTCStatsReport.h */,
				072806F71D129A99008047E9 /* RTCTypes.h */,
				072806F81D129A99008047E9 /* RTCVideoCapturer.h */,
				072806F91D129A99008047E9 /* RTCVideoRenderer.h */,
				072806FA1D129A99008047E9 /* RTCVideoSource.h */,
				072806FB1D129A99008047E9 /* RTCVideoTrack.h */,
			);
			path = include;
			sourceTree = "<group>";
		};
		072806FC1D129A99008047E9 /* lib */ = {
			isa = PBXGroup;
			children = (
				072806FD1D129A99008047E9 /* libWebRTC.a */,
			);
			path = lib;
			sourceTree = "<group>";
		};
/* End PBXGroup section */

/* Begin PBXHeadersBuildPhase section */
		072806851D1275F4008047E9 /* Headers */ = {
			isa = PBXHeadersBuildPhase;
			buildActionMask = 2147483647;
			files = (
				072806AF1D127664008047E9 /* PeerObjc.h in Headers */,
				072806FF1D129A99008047E9 /* RTCAudioTrack.h in Headers */,
				072807171D129A99008047E9 /* RTCTypes.h in Headers */,
				072806BE1D127664008047E9 /* ZHPeer.h in Headers */,
				072806B41D127664008047E9 /* ZHConnection.h in Headers */,
				072806B81D127664008047E9 /* ZHDataConnection.h in Headers */,
				072807161D129A99008047E9 /* RTCStatsReport.h in Headers */,
				072806BA1D127664008047E9 /* ZHMediaConnection.h in Headers */,
				0728070D1D129A99008047E9 /* RTCOpenGLVideoRenderer.h in Headers */,
				072807141D129A99008047E9 /* RTCSessionDescriptionDelegate.h in Headers */,
				072807081D129A99008047E9 /* RTCMediaConstraints.h in Headers */,
				072806B11D127664008047E9 /* WebRTC.h in Headers */,
				072807111D129A99008047E9 /* RTCPeerConnectionFactory.h in Headers */,
				072807181D129A99008047E9 /* RTCVideoCapturer.h in Headers */,
				072806BC1D127664008047E9 /* ZHNegotiator.h in Headers */,
				072807061D129A99008047E9 /* RTCICEServer.h in Headers */,
				072807091D129A99008047E9 /* RTCMediaSource.h in Headers */,
				0728070C1D129A99008047E9 /* RTCNSGLVideoView.h in Headers */,
				072806B61D127664008047E9 /* ZHConstraintsFactory.h in Headers */,
				072807121D129A99008047E9 /* RTCPeerConnectionInterface.h in Headers */,
				072807071D129A99008047E9 /* RTCLogging.h in Headers */,
				0728070B1D129A99008047E9 /* RTCMediaStreamTrack.h in Headers */,
				072807001D129A99008047E9 /* RTCAVFoundationVideoSource.h in Headers */,
				0728070E1D129A99008047E9 /* RTCPair.h in Headers */,
				072807041D129A99008047E9 /* RTCI420Frame.h in Headers */,
				072807011D129A99008047E9 /* RTCDataChannel.h in Headers */,
				0728071B1D129A99008047E9 /* RTCVideoTrack.h in Headers */,
				0728070A1D129A99008047E9 /* RTCMediaStream.h in Headers */,
				072806C01D127664008047E9 /* ZHPrivate.h in Headers */,
				0728071A1D129A99008047E9 /* RTCVideoSource.h in Headers */,
				0728070F1D129A99008047E9 /* RTCPeerConnection.h in Headers */,
				072806FE1D129A99008047E9 /* RTCAudioSource.h in Headers */,
				072806B21D127664008047E9 /* SRWebSocket.h in Headers */,
				072807101D129A99008047E9 /* RTCPeerConnectionDelegate.h in Headers */,
				072807031D129A99008047E9 /* RTCFileLogger.h in Headers */,
				072807051D129A99008047E9 /* RTCICECandidate.h in Headers */,
				072807151D129A99008047E9 /* RTCStatsDelegate.h in Headers */,
				072807131D129A99008047E9 /* RTCSessionDescription.h in Headers */,
				072807021D129A99008047E9 /* RTCEAGLVideoView.h in Headers */,
				072807191D129A99008047E9 /* RTCVideoRenderer.h in Headers */,
			);
			runOnlyForDeploymentPostprocessing = 0;
		};
/* End PBXHeadersBuildPhase section */

/* Begin PBXNativeTarget section */
		072806871D1275F4008047E9 /* PeerObjc */ = {
			isa = PBXNativeTarget;
			buildConfigurationList = 072806901D1275F4008047E9 /* Build configuration list for PBXNativeTarget "PeerObjc" */;
			buildPhases = (
				072806831D1275F4008047E9 /* Sources */,
				072806841D1275F4008047E9 /* Frameworks */,
				072806851D1275F4008047E9 /* Headers */,
				072806861D1275F4008047E9 /* Resources */,
			);
			buildRules = (
			);
			dependencies = (
			);
			name = PeerObjc;
			productName = PeerObjc;
			productReference = 072806881D1275F4008047E9 /* PeerObjc.framework */;
			productType = "com.apple.product-type.framework";
		};
/* End PBXNativeTarget section */

/* Begin PBXProject section */
		0728067F1D1275F4008047E9 /* Project object */ = {
			isa = PBXProject;
			attributes = {
				LastUpgradeCheck = 0730;
				ORGANIZATIONNAME = zhubch;
				TargetAttributes = {
					072806871D1275F4008047E9 = {
						CreatedOnToolsVersion = 7.3;
					};
				};
			};
			buildConfigurationList = 072806821D1275F4008047E9 /* Build configuration list for PBXProject "PeerObjc" */;
			compatibilityVersion = "Xcode 3.2";
			developmentRegion = English;
			hasScannedForEncodings = 0;
			knownRegions = (
				en,
			);
			mainGroup = 0728067E1D1275F4008047E9;
			productRefGroup = 072806891D1275F4008047E9 /* Products */;
			projectDirPath = "";
			projectRoot = "";
			targets = (
				072806871D1275F4008047E9 /* PeerObjc */,
			);
		};
/* End PBXProject section */

/* Begin PBXResourcesBuildPhase section */
		072806861D1275F4008047E9 /* Resources */ = {
			isa = PBXResourcesBuildPhase;
			buildActionMask = 2147483647;
			files = (
				072806AE1D127664008047E9 /* Info.plist in Resources */,
			);
			runOnlyForDeploymentPostprocessing = 0;
		};
/* End PBXResourcesBuildPhase section */

/* Begin PBXSourcesBuildPhase section */
		072806831D1275F4008047E9 /* Sources */ = {
			isa = PBXSourcesBuildPhase;
			buildActionMask = 2147483647;
			files = (
				072806B71D127664008047E9 /* ZHConstraintsFactory.m in Sources */,
				072806B91D127664008047E9 /* ZHDataConnection.m in Sources */,
				072806B31D127664008047E9 /* SRWebSocket.m in Sources */,
				072806BB1D127664008047E9 /* ZHMediaConnection.m in Sources */,
				072806B51D127664008047E9 /* ZHConnection.m in Sources */,
				072806BF1D127664008047E9 /* ZHPeer.m in Sources */,
				072806BD1D127664008047E9 /* ZHNegotiator.m in Sources */,
			);
			runOnlyForDeploymentPostprocessing = 0;
		};
/* End PBXSourcesBuildPhase section */

/* Begin XCBuildConfiguration section */
		0728068E1D1275F4008047E9 /* Debug */ = {
			isa = XCBuildConfiguration;
			buildSettings = {
				ALWAYS_SEARCH_USER_PATHS = NO;
				CLANG_ANALYZER_NONNULL = YES;
				CLANG_CXX_LANGUAGE_STANDARD = "gnu++0x";
				CLANG_CXX_LIBRARY = "libc++";
				CLANG_ENABLE_MODULES = YES;
				CLANG_ENABLE_OBJC_ARC = YES;
				CLANG_WARN_BOOL_CONVERSION = YES;
				CLANG_WARN_CONSTANT_CONVERSION = YES;
				CLANG_WARN_DIRECT_OBJC_ISA_USAGE = YES_ERROR;
				CLANG_WARN_EMPTY_BODY = YES;
				CLANG_WARN_ENUM_CONVERSION = YES;
				CLANG_WARN_INT_CONVERSION = YES;
				CLANG_WARN_OBJC_ROOT_CLASS = YES_ERROR;
				CLANG_WARN_UNREACHABLE_CODE = YES;
				CLANG_WARN__DUPLICATE_METHOD_MATCH = YES;
				"CODE_SIGN_IDENTITY[sdk=iphoneos*]" = "iPhone Developer";
				COPY_PHASE_STRIP = NO;
				CURRENT_PROJECT_VERSION = 1;
				DEBUG_INFORMATION_FORMAT = dwarf;
				ENABLE_STRICT_OBJC_MSGSEND = YES;
				ENABLE_TESTABILITY = YES;
				GCC_C_LANGUAGE_STANDARD = gnu99;
				GCC_DYNAMIC_NO_PIC = NO;
				GCC_NO_COMMON_BLOCKS = YES;
				GCC_OPTIMIZATION_LEVEL = 0;
				GCC_PREPROCESSOR_DEFINITIONS = (
					"DEBUG=1",
					"$(inherited)",
				);
				GCC_WARN_64_TO_32_BIT_CONVERSION = YES;
				GCC_WARN_ABOUT_RETURN_TYPE = YES_ERROR;
				GCC_WARN_UNDECLARED_SELECTOR = YES;
				GCC_WARN_UNINITIALIZED_AUTOS = YES_AGGRESSIVE;
				GCC_WARN_UNUSED_FUNCTION = YES;
				GCC_WARN_UNUSED_VARIABLE = YES;
				IPHONEOS_DEPLOYMENT_TARGET = 8.1;
				MTL_ENABLE_DEBUG_INFO = YES;
				ONLY_ACTIVE_ARCH = YES;
				SDKROOT = iphoneos;
				TARGETED_DEVICE_FAMILY = "1,2";
				VERSIONING_SYSTEM = "apple-generic";
				VERSION_INFO_PREFIX = "";
			};
			name = Debug;
		};
		0728068F1D1275F4008047E9 /* Release */ = {
			isa = XCBuildConfiguration;
			buildSettings = {
				ALWAYS_SEARCH_USER_PATHS = NO;
				CLANG_ANALYZER_NONNULL = YES;
				CLANG_CXX_LANGUAGE_STANDARD = "gnu++0x";
				CLANG_CXX_LIBRARY = "libc++";
				CLANG_ENABLE_MODULES = YES;
				CLANG_ENABLE_OBJC_ARC = YES;
				CLANG_WARN_BOOL_CONVERSION = YES;
				CLANG_WARN_CONSTANT_CONVERSION = YES;
				CLANG_WARN_DIRECT_OBJC_ISA_USAGE = YES_ERROR;
				CLANG_WARN_EMPTY_BODY = YES;
				CLANG_WARN_ENUM_CONVERSION = YES;
				CLANG_WARN_INT_CONVERSION = YES;
				CLANG_WARN_OBJC_ROOT_CLASS = YES_ERROR;
				CLANG_WARN_UNREACHABLE_CODE = YES;
				CLANG_WARN__DUPLICATE_METHOD_MATCH = YES;
				"CODE_SIGN_IDENTITY[sdk=iphoneos*]" = "iPhone Developer";
				COPY_PHASE_STRIP = NO;
				CURRENT_PROJECT_VERSION = 1;
				DEBUG_INFORMATION_FORMAT = "dwarf-with-dsym";
				ENABLE_NS_ASSERTIONS = NO;
				ENABLE_STRICT_OBJC_MSGSEND = YES;
				GCC_C_LANGUAGE_STANDARD = gnu99;
				GCC_NO_COMMON_BLOCKS = YES;
				GCC_WARN_64_TO_32_BIT_CONVERSION = YES;
				GCC_WARN_ABOUT_RETURN_TYPE = YES_ERROR;
				GCC_WARN_UNDECLARED_SELECTOR = YES;
				GCC_WARN_UNINITIALIZED_AUTOS = YES_AGGRESSIVE;
				GCC_WARN_UNUSED_FUNCTION = YES;
				GCC_WARN_UNUSED_VARIABLE = YES;
				IPHONEOS_DEPLOYMENT_TARGET = 8.1;
				MTL_ENABLE_DEBUG_INFO = NO;
				SDKROOT = iphoneos;
				TARGETED_DEVICE_FAMILY = "1,2";
				VALIDATE_PRODUCT = YES;
				VERSIONING_SYSTEM = "apple-generic";
				VERSION_INFO_PREFIX = "";
			};
			name = Release;
		};
		072806911D1275F4008047E9 /* Debug */ = {
			isa = XCBuildConfiguration;
			buildSettings = {
				DEFINES_MODULE = YES;
				DYLIB_COMPATIBILITY_VERSION = 1;
				DYLIB_CURRENT_VERSION = 1;
				DYLIB_INSTALL_NAME_BASE = "@rpath";
				ENABLE_BITCODE = YES;
				FRAMEWORK_SEARCH_PATHS = (
					"$(inherited)",
					"$(PROJECT_DIR)/PeerObjc/WebRTC",
				);
				INFOPLIST_FILE = PeerObjc/Info.plist;
				INSTALL_PATH = "$(LOCAL_LIBRARY_DIR)/Frameworks";
				IPHONEOS_DEPLOYMENT_TARGET = 8.0;
				LD_RUNPATH_SEARCH_PATHS = "$(inherited) @executable_path/Frameworks @loader_path/Frameworks";
				LIBRARY_SEARCH_PATHS = (
					"$(inherited)",
					"$(PROJECT_DIR)/PeerObjc/WebRTC/lib",
				);
				MACH_O_TYPE = staticlib;
				PRODUCT_BUNDLE_IDENTIFIER = zhubch.PeerObjc;
				PRODUCT_NAME = "$(TARGET_NAME)";
				SKIP_INSTALL = YES;
			};
			name = Debug;
		};
		072806921D1275F4008047E9 /* Release */ = {
			isa = XCBuildConfiguration;
			buildSettings = {
				DEFINES_MODULE = YES;
				DYLIB_COMPATIBILITY_VERSION = 1;
				DYLIB_CURRENT_VERSION = 1;
				DYLIB_INSTALL_NAME_BASE = "@rpath";
				ENABLE_BITCODE = YES;
				FRAMEWORK_SEARCH_PATHS = (
					"$(inherited)",
					"$(PROJECT_DIR)/PeerObjc/WebRTC",
				);
				INFOPLIST_FILE = PeerObjc/Info.plist;
				INSTALL_PATH = "$(LOCAL_LIBRARY_DIR)/Frameworks";
				IPHONEOS_DEPLOYMENT_TARGET = 8.0;
				LD_RUNPATH_SEARCH_PATHS = "$(inherited) @executable_path/Frameworks @loader_path/Frameworks";
				LIBRARY_SEARCH_PATHS = (
					"$(inherited)",
					"$(PROJECT_DIR)/PeerObjc/WebRTC/lib",
				);
				MACH_O_TYPE = staticlib;
				PRODUCT_BUNDLE_IDENTIFIER = zhubch.PeerObjc;
				PRODUCT_NAME = "$(TARGET_NAME)";
				SKIP_INSTALL = YES;
			};
			name = Release;
		};
/* End XCBuildConfiguration section */

/* Begin XCConfigurationList section */
		072806821D1275F4008047E9 /* Build configuration list for PBXProject "PeerObjc" */ = {
			isa = XCConfigurationList;
			buildConfigurations = (
				0728068E1D1275F4008047E9 /* Debug */,
				0728068F1D1275F4008047E9 /* Release */,
			);
			defaultConfigurationIsVisible = 0;
			defaultConfigurationName = Release;
		};
		072806901D1275F4008047E9 /* Build configuration list for PBXNativeTarget "PeerObjc" */ = {
			isa = XCConfigurationList;
			buildConfigurations = (
				072806911D1275F4008047E9 /* Debug */,
				072806921D1275F4008047E9 /* Release */,
			);
			defaultConfigurationIsVisible = 0;
			defaultConfigurationName = Release;
		};
/* End XCConfigurationList section */
	};
	rootObject = 0728067F1D1275F4008047E9 /* Project object */;
}
