// !$*UTF8*$!
{
	archiveVersion = 1;
	classes = {
	};
	objectVersion = 46;
	objects = {

/* Begin PBXBuildFile section */
		078572C21B67815500DFA1FB /* main.m in Sources */ = {isa = PBXBuildFile; fileRef = 078572C11B67815500DFA1FB /* main.m */; };
		078572C51B67815500DFA1FB /* AppDelegate.m in Sources */ = {isa = PBXBuildFile; fileRef = 078572C41B67815500DFA1FB /* AppDelegate.m */; };
		078572C81B67815500DFA1FB /* ViewController.m in Sources */ = {isa = PBXBuildFile; fileRef = 078572C71B67815500DFA1FB /* ViewController.m */; };
		078572CB1B67815500DFA1FB /* Main.storyboard in Resources */ = {isa = PBXBuildFile; fileRef = 078572C91B67815500DFA1FB /* Main.storyboard */; };
		078572CD1B67815500DFA1FB /* Images.xcassets in Resources */ = {isa = PBXBuildFile; fileRef = 078572CC1B67815500DFA1FB /* Images.xcassets */; };
		078572D01B67815500DFA1FB /* LaunchScreen.xib in Resources */ = {isa = PBXBuildFile; fileRef = 078572CE1B67815500DFA1FB /* LaunchScreen.xib */; };
		078572DC1B67815600DFA1FB /* DemoTests.m in Sources */ = {isa = PBXBuildFile; fileRef = 078572DB1B67815600DFA1FB /* DemoTests.m */; };
		078573131B6782AB00DFA1FB /* Connection.m in Sources */ = {isa = PBXBuildFile; fileRef = 078572E71B6782AB00DFA1FB /* Connection.m */; };
		078573141B6782AB00DFA1FB /* ConstraintsFactory.m in Sources */ = {isa = PBXBuildFile; fileRef = 078572E91B6782AB00DFA1FB /* ConstraintsFactory.m */; };
		078573151B6782AB00DFA1FB /* DataConnection.m in Sources */ = {isa = PBXBuildFile; fileRef = 078572EB1B6782AB00DFA1FB /* DataConnection.m */; };
		078573161B6782AB00DFA1FB /* MediaConnection.m in Sources */ = {isa = PBXBuildFile; fileRef = 078572ED1B6782AB00DFA1FB /* MediaConnection.m */; };
		078573171B6782AB00DFA1FB /* Negotiator.m in Sources */ = {isa = PBXBuildFile; fileRef = 078572EF1B6782AB00DFA1FB /* Negotiator.m */; };
		078573181B6782AB00DFA1FB /* Peer.m in Sources */ = {isa = PBXBuildFile; fileRef = 078572F11B6782AB00DFA1FB /* Peer.m */; };
		078573191B6782AB00DFA1FB /* libWebRTC.a in Frameworks */ = {isa = PBXBuildFile; fileRef = 078572F31B6782AB00DFA1FB /* libWebRTC.a */; };
		0785731A1B6782AB00DFA1FB /* SRWebSocket.m in Sources */ = {isa = PBXBuildFile; fileRef = 0785730F1B6782AB00DFA1FB /* SRWebSocket.m */; };
		0785731B1B6782AB00DFA1FB /* VideoView.m in Sources */ = {isa = PBXBuildFile; fileRef = 078573121B6782AB00DFA1FB /* VideoView.m */; };
		0786C39D1C3E591500012B3F /* libstdc++.tbd in Frameworks */ = {isa = PBXBuildFile; fileRef = 0786C39C1C3E591500012B3F /* libstdc++.tbd */; };
		0786C39F1C3E596500012B3F /* GLKit.framework in Frameworks */ = {isa = PBXBuildFile; fileRef = 0786C39E1C3E596500012B3F /* GLKit.framework */; };
		0786C3A11C3E59E100012B3F /* libicucore.tbd in Frameworks */ = {isa = PBXBuildFile; fileRef = 0786C3A01C3E59E100012B3F /* libicucore.tbd */; };
		0786C3E01C3E737800012B3F /* libsqlite3.tbd in Frameworks */ = {isa = PBXBuildFile; fileRef = 0786C3DF1C3E737800012B3F /* libsqlite3.tbd */; };
/* End PBXBuildFile section */

/* Begin PBXContainerItemProxy section */
		078572D61B67815600DFA1FB /* PBXContainerItemProxy */ = {
			isa = PBXContainerItemProxy;
			containerPortal = 078572B41B67815500DFA1FB /* Project object */;
			proxyType = 1;
			remoteGlobalIDString = 078572BB1B67815500DFA1FB;
			remoteInfo = Demo;
		};
/* End PBXContainerItemProxy section */

/* Begin PBXFileReference section */
		078572BC1B67815500DFA1FB /* Demo.app */ = {isa = PBXFileReference; explicitFileType = wrapper.application; includeInIndex = 0; path = Demo.app; sourceTree = BUILT_PRODUCTS_DIR; };
		078572C01B67815500DFA1FB /* Info.plist */ = {isa = PBXFileReference; lastKnownFileType = text.plist.xml; path = Info.plist; sourceTree = "<group>"; };
		078572C11B67815500DFA1FB /* main.m */ = {isa = PBXFileReference; lastKnownFileType = sourcecode.c.objc; path = main.m; sourceTree = "<group>"; };
		078572C31B67815500DFA1FB /* AppDelegate.h */ = {isa = PBXFileReference; lastKnownFileType = sourcecode.c.h; path = AppDelegate.h; sourceTree = "<group>"; };
		078572C41B67815500DFA1FB /* AppDelegate.m */ = {isa = PBXFileReference; lastKnownFileType = sourcecode.c.objc; path = AppDelegate.m; sourceTree = "<group>"; };
		078572C61B67815500DFA1FB /* ViewController.h */ = {isa = PBXFileReference; lastKnownFileType = sourcecode.c.h; path = ViewController.h; sourceTree = "<group>"; };
		078572C71B67815500DFA1FB /* ViewController.m */ = {isa = PBXFileReference; lastKnownFileType = sourcecode.c.objc; path = ViewController.m; sourceTree = "<group>"; };
		078572CA1B67815500DFA1FB /* Base */ = {isa = PBXFileReference; lastKnownFileType = file.storyboard; name = Base; path = Base.lproj/Main.storyboard; sourceTree = "<group>"; };
		078572CC1B67815500DFA1FB /* Images.xcassets */ = {isa = PBXFileReference; lastKnownFileType = folder.assetcatalog; path = Images.xcassets; sourceTree = "<group>"; };
		078572CF1B67815500DFA1FB /* Base */ = {isa = PBXFileReference; lastKnownFileType = file.xib; name = Base; path = Base.lproj/LaunchScreen.xib; sourceTree = "<group>"; };
		078572D51B67815600DFA1FB /* DemoTests.xctest */ = {isa = PBXFileReference; explicitFileType = wrapper.cfbundle; includeInIndex = 0; path = DemoTests.xctest; sourceTree = BUILT_PRODUCTS_DIR; };
		078572DA1B67815600DFA1FB /* Info.plist */ = {isa = PBXFileReference; lastKnownFileType = text.plist.xml; path = Info.plist; sourceTree = "<group>"; };
		078572DB1B67815600DFA1FB /* DemoTests.m */ = {isa = PBXFileReference; lastKnownFileType = sourcecode.c.objc; path = DemoTests.m; sourceTree = "<group>"; };
		078572E61B6782AB00DFA1FB /* Connection.h */ = {isa = PBXFileReference; fileEncoding = 4; lastKnownFileType = sourcecode.c.h; path = Connection.h; sourceTree = "<group>"; };
		078572E71B6782AB00DFA1FB /* Connection.m */ = {isa = PBXFileReference; fileEncoding = 4; lastKnownFileType = sourcecode.c.objc; path = Connection.m; sourceTree = "<group>"; };
		078572E81B6782AB00DFA1FB /* ConstraintsFactory.h */ = {isa = PBXFileReference; fileEncoding = 4; lastKnownFileType = sourcecode.c.h; path = ConstraintsFactory.h; sourceTree = "<group>"; };
		078572E91B6782AB00DFA1FB /* ConstraintsFactory.m */ = {isa = PBXFileReference; fileEncoding = 4; lastKnownFileType = sourcecode.c.objc; path = ConstraintsFactory.m; sourceTree = "<group>"; };
		078572EA1B6782AB00DFA1FB /* DataConnection.h */ = {isa = PBXFileReference; fileEncoding = 4; lastKnownFileType = sourcecode.c.h; path = DataConnection.h; sourceTree = "<group>"; };
		078572EB1B6782AB00DFA1FB /* DataConnection.m */ = {isa = PBXFileReference; fileEncoding = 4; lastKnownFileType = sourcecode.c.objc; path = DataConnection.m; sourceTree = "<group>"; };
		078572EC1B6782AB00DFA1FB /* MediaConnection.h */ = {isa = PBXFileReference; fileEncoding = 4; lastKnownFileType = sourcecode.c.h; path = MediaConnection.h; sourceTree = "<group>"; };
		078572ED1B6782AB00DFA1FB /* MediaConnection.m */ = {isa = PBXFileReference; fileEncoding = 4; lastKnownFileType = sourcecode.c.objc; path = MediaConnection.m; sourceTree = "<group>"; };
		078572EE1B6782AB00DFA1FB /* Negotiator.h */ = {isa = PBXFileReference; fileEncoding = 4; lastKnownFileType = sourcecode.c.h; path = Negotiator.h; sourceTree = "<group>"; };
		078572EF1B6782AB00DFA1FB /* Negotiator.m */ = {isa = PBXFileReference; fileEncoding = 4; lastKnownFileType = sourcecode.c.objc; path = Negotiator.m; sourceTree = "<group>"; };
		078572F01B6782AB00DFA1FB /* Peer.h */ = {isa = PBXFileReference; fileEncoding = 4; lastKnownFileType = sourcecode.c.h; path = Peer.h; sourceTree = "<group>"; };
		078572F11B6782AB00DFA1FB /* Peer.m */ = {isa = PBXFileReference; fileEncoding = 4; lastKnownFileType = sourcecode.c.objc; path = Peer.m; sourceTree = "<group>"; };
		078572F31B6782AB00DFA1FB /* libWebRTC.a */ = {isa = PBXFileReference; lastKnownFileType = archive.ar; path = libWebRTC.a; sourceTree = "<group>"; };
		078572F41B6782AB00DFA1FB /* RTCAudioSource.h */ = {isa = PBXFileReference; fileEncoding = 4; lastKnownFileType = sourcecode.c.h; path = RTCAudioSource.h; sourceTree = "<group>"; };
		078572F51B6782AB00DFA1FB /* RTCAudioTrack.h */ = {isa = PBXFileReference; fileEncoding = 4; lastKnownFileType = sourcecode.c.h; path = RTCAudioTrack.h; sourceTree = "<group>"; };
		078572F61B6782AB00DFA1FB /* RTCDataChannel.h */ = {isa = PBXFileReference; fileEncoding = 4; lastKnownFileType = sourcecode.c.h; path = RTCDataChannel.h; sourceTree = "<group>"; };
		078572F71B6782AB00DFA1FB /* RTCEAGLVideoView.h */ = {isa = PBXFileReference; fileEncoding = 4; lastKnownFileType = sourcecode.c.h; path = RTCEAGLVideoView.h; sourceTree = "<group>"; };
		078572F81B6782AB00DFA1FB /* RTCI420Frame.h */ = {isa = PBXFileReference; fileEncoding = 4; lastKnownFileType = sourcecode.c.h; path = RTCI420Frame.h; sourceTree = "<group>"; };
		078572F91B6782AB00DFA1FB /* RTCICECandidate.h */ = {isa = PBXFileReference; fileEncoding = 4; lastKnownFileType = sourcecode.c.h; path = RTCICECandidate.h; sourceTree = "<group>"; };
		078572FA1B6782AB00DFA1FB /* RTCICEServer.h */ = {isa = PBXFileReference; fileEncoding = 4; lastKnownFileType = sourcecode.c.h; path = RTCICEServer.h; sourceTree = "<group>"; };
		078572FB1B6782AB00DFA1FB /* RTCMediaConstraints.h */ = {isa = PBXFileReference; fileEncoding = 4; lastKnownFileType = sourcecode.c.h; path = RTCMediaConstraints.h; sourceTree = "<group>"; };
		078572FC1B6782AB00DFA1FB /* RTCMediaSource.h */ = {isa = PBXFileReference; fileEncoding = 4; lastKnownFileType = sourcecode.c.h; path = RTCMediaSource.h; sourceTree = "<group>"; };
		078572FD1B6782AB00DFA1FB /* RTCMediaStream.h */ = {isa = PBXFileReference; fileEncoding = 4; lastKnownFileType = sourcecode.c.h; path = RTCMediaStream.h; sourceTree = "<group>"; };
		078572FE1B6782AB00DFA1FB /* RTCMediaStreamTrack.h */ = {isa = PBXFileReference; fileEncoding = 4; lastKnownFileType = sourcecode.c.h; path = RTCMediaStreamTrack.h; sourceTree = "<group>"; };
		078572FF1B6782AB00DFA1FB /* RTCNSGLVideoView.h */ = {isa = PBXFileReference; fileEncoding = 4; lastKnownFileType = sourcecode.c.h; path = RTCNSGLVideoView.h; sourceTree = "<group>"; };
		078573001B6782AB00DFA1FB /* RTCOpenGLVideoRenderer.h */ = {isa = PBXFileReference; fileEncoding = 4; lastKnownFileType = sourcecode.c.h; path = RTCOpenGLVideoRenderer.h; sourceTree = "<group>"; };
		078573011B6782AB00DFA1FB /* RTCPair.h */ = {isa = PBXFileReference; fileEncoding = 4; lastKnownFileType = sourcecode.c.h; path = RTCPair.h; sourceTree = "<group>"; };
		078573021B6782AB00DFA1FB /* RTCPeerConnection.h */ = {isa = PBXFileReference; fileEncoding = 4; lastKnownFileType = sourcecode.c.h; path = RTCPeerConnection.h; sourceTree = "<group>"; };
		078573031B6782AB00DFA1FB /* RTCPeerConnectionDelegate.h */ = {isa = PBXFileReference; fileEncoding = 4; lastKnownFileType = sourcecode.c.h; path = RTCPeerConnectionDelegate.h; sourceTree = "<group>"; };
		078573041B6782AB00DFA1FB /* RTCPeerConnectionFactory.h */ = {isa = PBXFileReference; fileEncoding = 4; lastKnownFileType = sourcecode.c.h; path = RTCPeerConnectionFactory.h; sourceTree = "<group>"; };
		078573051B6782AB00DFA1FB /* RTCSessionDescription.h */ = {isa = PBXFileReference; fileEncoding = 4; lastKnownFileType = sourcecode.c.h; path = RTCSessionDescription.h; sourceTree = "<group>"; };
		078573061B6782AB00DFA1FB /* RTCSessionDescriptionDelegate.h */ = {isa = PBXFileReference; fileEncoding = 4; lastKnownFileType = sourcecode.c.h; path = RTCSessionDescriptionDelegate.h; sourceTree = "<group>"; };
		078573071B6782AB00DFA1FB /* RTCStatsDelegate.h */ = {isa = PBXFileReference; fileEncoding = 4; lastKnownFileType = sourcecode.c.h; path = RTCStatsDelegate.h; sourceTree = "<group>"; };
		078573081B6782AB00DFA1FB /* RTCStatsReport.h */ = {isa = PBXFileReference; fileEncoding = 4; lastKnownFileType = sourcecode.c.h; path = RTCStatsReport.h; sourceTree = "<group>"; };
		078573091B6782AB00DFA1FB /* RTCTypes.h */ = {isa = PBXFileReference; fileEncoding = 4; lastKnownFileType = sourcecode.c.h; path = RTCTypes.h; sourceTree = "<group>"; };
		0785730A1B6782AB00DFA1FB /* RTCVideoCapturer.h */ = {isa = PBXFileReference; fileEncoding = 4; lastKnownFileType = sourcecode.c.h; path = RTCVideoCapturer.h; sourceTree = "<group>"; };
		0785730B1B6782AB00DFA1FB /* RTCVideoRenderer.h */ = {isa = PBXFileReference; fileEncoding = 4; lastKnownFileType = sourcecode.c.h; path = RTCVideoRenderer.h; sourceTree = "<group>"; };
		0785730C1B6782AB00DFA1FB /* RTCVideoSource.h */ = {isa = PBXFileReference; fileEncoding = 4; lastKnownFileType = sourcecode.c.h; path = RTCVideoSource.h; sourceTree = "<group>"; };
		0785730D1B6782AB00DFA1FB /* RTCVideoTrack.h */ = {isa = PBXFileReference; fileEncoding = 4; lastKnownFileType = sourcecode.c.h; path = RTCVideoTrack.h; sourceTree = "<group>"; };
		0785730E1B6782AB00DFA1FB /* SRWebSocket.h */ = {isa = PBXFileReference; fileEncoding = 4; lastKnownFileType = sourcecode.c.h; path = SRWebSocket.h; sourceTree = "<group>"; };
		0785730F1B6782AB00DFA1FB /* SRWebSocket.m */ = {isa = PBXFileReference; fileEncoding = 4; lastKnownFileType = sourcecode.c.objc; path = SRWebSocket.m; sourceTree = "<group>"; };
		078573101B6782AB00DFA1FB /* Utilities.h */ = {isa = PBXFileReference; fileEncoding = 4; lastKnownFileType = sourcecode.c.h; path = Utilities.h; sourceTree = "<group>"; };
		078573111B6782AB00DFA1FB /* VideoView.h */ = {isa = PBXFileReference; fileEncoding = 4; lastKnownFileType = sourcecode.c.h; path = VideoView.h; sourceTree = "<group>"; };
		078573121B6782AB00DFA1FB /* VideoView.m */ = {isa = PBXFileReference; fileEncoding = 4; lastKnownFileType = sourcecode.c.objc; path = VideoView.m; sourceTree = "<group>"; };
		0786C39C1C3E591500012B3F /* libstdc++.tbd */ = {isa = PBXFileReference; lastKnownFileType = "sourcecode.text-based-dylib-definition"; name = "libstdc++.tbd"; path = "usr/lib/libstdc++.tbd"; sourceTree = SDKROOT; };
		0786C39E1C3E596500012B3F /* GLKit.framework */ = {isa = PBXFileReference; lastKnownFileType = wrapper.framework; name = GLKit.framework; path = System/Library/Frameworks/GLKit.framework; sourceTree = SDKROOT; };
		0786C3A01C3E59E100012B3F /* libicucore.tbd */ = {isa = PBXFileReference; lastKnownFileType = "sourcecode.text-based-dylib-definition"; name = libicucore.tbd; path = usr/lib/libicucore.tbd; sourceTree = SDKROOT; };
		0786C3DF1C3E737800012B3F /* libsqlite3.tbd */ = {isa = PBXFileReference; lastKnownFileType = "sourcecode.text-based-dylib-definition"; name = libsqlite3.tbd; path = usr/lib/libsqlite3.tbd; sourceTree = SDKROOT; };
/* End PBXFileReference section */

/* Begin PBXFrameworksBuildPhase section */
		078572B91B67815500DFA1FB /* Frameworks */ = {
			isa = PBXFrameworksBuildPhase;
			buildActionMask = 2147483647;
			files = (
				0786C3E01C3E737800012B3F /* libsqlite3.tbd in Frameworks */,
				0786C3A11C3E59E100012B3F /* libicucore.tbd in Frameworks */,
				0786C39F1C3E596500012B3F /* GLKit.framework in Frameworks */,
				0786C39D1C3E591500012B3F /* libstdc++.tbd in Frameworks */,
				078573191B6782AB00DFA1FB /* libWebRTC.a in Frameworks */,
			);
			runOnlyForDeploymentPostprocessing = 0;
		};
		078572D21B67815600DFA1FB /* Frameworks */ = {
			isa = PBXFrameworksBuildPhase;
			buildActionMask = 2147483647;
			files = (
			);
			runOnlyForDeploymentPostprocessing = 0;
		};
/* End PBXFrameworksBuildPhase section */

/* Begin PBXGroup section */
		078572B31B67815500DFA1FB = {
			isa = PBXGroup;
			children = (
				0786C3DF1C3E737800012B3F /* libsqlite3.tbd */,
				0786C3A01C3E59E100012B3F /* libicucore.tbd */,
				0786C39E1C3E596500012B3F /* GLKit.framework */,
				0786C39C1C3E591500012B3F /* libstdc++.tbd */,
				078572E51B6782AB00DFA1FB /* PeerOc */,
				078572BE1B67815500DFA1FB /* Demo */,
				078572D81B67815600DFA1FB /* DemoTests */,
				078572BD1B67815500DFA1FB /* Products */,
			);
			sourceTree = "<group>";
		};
		078572BD1B67815500DFA1FB /* Products */ = {
			isa = PBXGroup;
			children = (
				078572BC1B67815500DFA1FB /* Demo.app */,
				078572D51B67815600DFA1FB /* DemoTests.xctest */,
			);
			name = Products;
			sourceTree = "<group>";
		};
		078572BE1B67815500DFA1FB /* Demo */ = {
			isa = PBXGroup;
			children = (
				078572C31B67815500DFA1FB /* AppDelegate.h */,
				078572C41B67815500DFA1FB /* AppDelegate.m */,
				078572C61B67815500DFA1FB /* ViewController.h */,
				078572C71B67815500DFA1FB /* ViewController.m */,
				078572C91B67815500DFA1FB /* Main.storyboard */,
				078572CC1B67815500DFA1FB /* Images.xcassets */,
				078572CE1B67815500DFA1FB /* LaunchScreen.xib */,
				078572BF1B67815500DFA1FB /* Supporting Files */,
			);
			path = Demo;
			sourceTree = "<group>";
		};
		078572BF1B67815500DFA1FB /* Supporting Files */ = {
			isa = PBXGroup;
			children = (
				078572C01B67815500DFA1FB /* Info.plist */,
				078572C11B67815500DFA1FB /* main.m */,
			);
			name = "Supporting Files";
			sourceTree = "<group>";
		};
		078572D81B67815600DFA1FB /* DemoTests */ = {
			isa = PBXGroup;
			children = (
				078572DB1B67815600DFA1FB /* DemoTests.m */,
				078572D91B67815600DFA1FB /* Supporting Files */,
			);
			path = DemoTests;
			sourceTree = "<group>";
		};
		078572D91B67815600DFA1FB /* Supporting Files */ = {
			isa = PBXGroup;
			children = (
				078572DA1B67815600DFA1FB /* Info.plist */,
			);
			name = "Supporting Files";
			sourceTree = "<group>";
		};
		078572E51B6782AB00DFA1FB /* PeerOc */ = {
			isa = PBXGroup;
			children = (
				078572E61B6782AB00DFA1FB /* Connection.h */,
				078572E71B6782AB00DFA1FB /* Connection.m */,
				078572E81B6782AB00DFA1FB /* ConstraintsFactory.h */,
				078572E91B6782AB00DFA1FB /* ConstraintsFactory.m */,
				078572EA1B6782AB00DFA1FB /* DataConnection.h */,
				078572EB1B6782AB00DFA1FB /* DataConnection.m */,
				078572EC1B6782AB00DFA1FB /* MediaConnection.h */,
				078572ED1B6782AB00DFA1FB /* MediaConnection.m */,
				078572EE1B6782AB00DFA1FB /* Negotiator.h */,
				078572EF1B6782AB00DFA1FB /* Negotiator.m */,
				078572F01B6782AB00DFA1FB /* Peer.h */,
				078572F11B6782AB00DFA1FB /* Peer.m */,
				078572F21B6782AB00DFA1FB /* RTC */,
				0785730E1B6782AB00DFA1FB /* SRWebSocket.h */,
				0785730F1B6782AB00DFA1FB /* SRWebSocket.m */,
				078573101B6782AB00DFA1FB /* Utilities.h */,
				078573111B6782AB00DFA1FB /* VideoView.h */,
				078573121B6782AB00DFA1FB /* VideoView.m */,
			);
			name = PeerOc;
			path = ../PeerOc;
			sourceTree = "<group>";
		};
		078572F21B6782AB00DFA1FB /* RTC */ = {
			isa = PBXGroup;
			children = (
				078572F31B6782AB00DFA1FB /* libWebRTC.a */,
				078572F41B6782AB00DFA1FB /* RTCAudioSource.h */,
				078572F51B6782AB00DFA1FB /* RTCAudioTrack.h */,
				078572F61B6782AB00DFA1FB /* RTCDataChannel.h */,
				078572F71B6782AB00DFA1FB /* RTCEAGLVideoView.h */,
				078572F81B6782AB00DFA1FB /* RTCI420Frame.h */,
				078572F91B6782AB00DFA1FB /* RTCICECandidate.h */,
				078572FA1B6782AB00DFA1FB /* RTCICEServer.h */,
				078572FB1B6782AB00DFA1FB /* RTCMediaConstraints.h */,
				078572FC1B6782AB00DFA1FB /* RTCMediaSource.h */,
				078572FD1B6782AB00DFA1FB /* RTCMediaStream.h */,
				078572FE1B6782AB00DFA1FB /* RTCMediaStreamTrack.h */,
				078572FF1B6782AB00DFA1FB /* RTCNSGLVideoView.h */,
				078573001B6782AB00DFA1FB /* RTCOpenGLVideoRenderer.h */,
				078573011B6782AB00DFA1FB /* RTCPair.h */,
				078573021B6782AB00DFA1FB /* RTCPeerConnection.h */,
				078573031B6782AB00DFA1FB /* RTCPeerConnectionDelegate.h */,
				078573041B6782AB00DFA1FB /* RTCPeerConnectionFactory.h */,
				078573051B6782AB00DFA1FB /* RTCSessionDescription.h */,
				078573061B6782AB00DFA1FB /* RTCSessionDescriptionDelegate.h */,
				078573071B6782AB00DFA1FB /* RTCStatsDelegate.h */,
				078573081B6782AB00DFA1FB /* RTCStatsReport.h */,
				078573091B6782AB00DFA1FB /* RTCTypes.h */,
				0785730A1B6782AB00DFA1FB /* RTCVideoCapturer.h */,
				0785730B1B6782AB00DFA1FB /* RTCVideoRenderer.h */,
				0785730C1B6782AB00DFA1FB /* RTCVideoSource.h */,
				0785730D1B6782AB00DFA1FB /* RTCVideoTrack.h */,
			);
			path = RTC;
			sourceTree = "<group>";
		};
/* End PBXGroup section */

/* Begin PBXNativeTarget section */
		078572BB1B67815500DFA1FB /* Demo */ = {
			isa = PBXNativeTarget;
			buildConfigurationList = 078572DF1B67815600DFA1FB /* Build configuration list for PBXNativeTarget "Demo" */;
			buildPhases = (
				078572B81B67815500DFA1FB /* Sources */,
				078572B91B67815500DFA1FB /* Frameworks */,
				078572BA1B67815500DFA1FB /* Resources */,
			);
			buildRules = (
			);
			dependencies = (
			);
			name = Demo;
			productName = Demo;
			productReference = 078572BC1B67815500DFA1FB /* Demo.app */;
			productType = "com.apple.product-type.application";
		};
		078572D41B67815600DFA1FB /* DemoTests */ = {
			isa = PBXNativeTarget;
			buildConfigurationList = 078572E21B67815600DFA1FB /* Build configuration list for PBXNativeTarget "DemoTests" */;
			buildPhases = (
				078572D11B67815600DFA1FB /* Sources */,
				078572D21B67815600DFA1FB /* Frameworks */,
				078572D31B67815600DFA1FB /* Resources */,
			);
			buildRules = (
			);
			dependencies = (
				078572D71B67815600DFA1FB /* PBXTargetDependency */,
			);
			name = DemoTests;
			productName = DemoTests;
			productReference = 078572D51B67815600DFA1FB /* DemoTests.xctest */;
			productType = "com.apple.product-type.bundle.unit-test";
		};
/* End PBXNativeTarget section */

/* Begin PBXProject section */
		078572B41B67815500DFA1FB /* Project object */ = {
			isa = PBXProject;
			attributes = {
				LastUpgradeCheck = 0720;
				ORGANIZATIONNAME = zhubch;
				TargetAttributes = {
					078572BB1B67815500DFA1FB = {
						CreatedOnToolsVersion = 6.4;
					};
					078572D41B67815600DFA1FB = {
						CreatedOnToolsVersion = 6.4;
						TestTargetID = 078572BB1B67815500DFA1FB;
					};
				};
			};
			buildConfigurationList = 078572B71B67815500DFA1FB /* Build configuration list for PBXProject "Demo" */;
			compatibilityVersion = "Xcode 3.2";
			developmentRegion = English;
			hasScannedForEncodings = 0;
			knownRegions = (
				en,
				Base,
			);
			mainGroup = 078572B31B67815500DFA1FB;
			productRefGroup = 078572BD1B67815500DFA1FB /* Products */;
			projectDirPath = "";
			projectRoot = "";
			targets = (
				078572BB1B67815500DFA1FB /* Demo */,
				078572D41B67815600DFA1FB /* DemoTests */,
			);
		};
/* End PBXProject section */

/* Begin PBXResourcesBuildPhase section */
		078572BA1B67815500DFA1FB /* Resources */ = {
			isa = PBXResourcesBuildPhase;
			buildActionMask = 2147483647;
			files = (
				078572CB1B67815500DFA1FB /* Main.storyboard in Resources */,
				078572D01B67815500DFA1FB /* LaunchScreen.xib in Resources */,
				078572CD1B67815500DFA1FB /* Images.xcassets in Resources */,
			);
			runOnlyForDeploymentPostprocessing = 0;
		};
		078572D31B67815600DFA1FB /* Resources */ = {
			isa = PBXResourcesBuildPhase;
			buildActionMask = 2147483647;
			files = (
			);
			runOnlyForDeploymentPostprocessing = 0;
		};
/* End PBXResourcesBuildPhase section */

/* Begin PBXSourcesBuildPhase section */
		078572B81B67815500DFA1FB /* Sources */ = {
			isa = PBXSourcesBuildPhase;
			buildActionMask = 2147483647;
			files = (
				078572C81B67815500DFA1FB /* ViewController.m in Sources */,
				078573151B6782AB00DFA1FB /* DataConnection.m in Sources */,
				0785731A1B6782AB00DFA1FB /* SRWebSocket.m in Sources */,
				0785731B1B6782AB00DFA1FB /* VideoView.m in Sources */,
				078572C51B67815500DFA1FB /* AppDelegate.m in Sources */,
				078573171B6782AB00DFA1FB /* Negotiator.m in Sources */,
				078573161B6782AB00DFA1FB /* MediaConnection.m in Sources */,
				078573181B6782AB00DFA1FB /* Peer.m in Sources */,
				078572C21B67815500DFA1FB /* main.m in Sources */,
				078573141B6782AB00DFA1FB /* ConstraintsFactory.m in Sources */,
				078573131B6782AB00DFA1FB /* Connection.m in Sources */,
			);
			runOnlyForDeploymentPostprocessing = 0;
		};
		078572D11B67815600DFA1FB /* Sources */ = {
			isa = PBXSourcesBuildPhase;
			buildActionMask = 2147483647;
			files = (
				078572DC1B67815600DFA1FB /* DemoTests.m in Sources */,
			);
			runOnlyForDeploymentPostprocessing = 0;
		};
/* End PBXSourcesBuildPhase section */

/* Begin PBXTargetDependency section */
		078572D71B67815600DFA1FB /* PBXTargetDependency */ = {
			isa = PBXTargetDependency;
			target = 078572BB1B67815500DFA1FB /* Demo */;
			targetProxy = 078572D61B67815600DFA1FB /* PBXContainerItemProxy */;
		};
/* End PBXTargetDependency section */

/* Begin PBXVariantGroup section */
		078572C91B67815500DFA1FB /* Main.storyboard */ = {
			isa = PBXVariantGroup;
			children = (
				078572CA1B67815500DFA1FB /* Base */,
			);
			name = Main.storyboard;
			sourceTree = "<group>";
		};
		078572CE1B67815500DFA1FB /* LaunchScreen.xib */ = {
			isa = PBXVariantGroup;
			children = (
				078572CF1B67815500DFA1FB /* Base */,
			);
			name = LaunchScreen.xib;
			sourceTree = "<group>";
		};
/* End PBXVariantGroup section */

/* Begin XCBuildConfiguration section */
		078572DD1B67815600DFA1FB /* Debug */ = {
			isa = XCBuildConfiguration;
			buildSettings = {
				ALWAYS_SEARCH_USER_PATHS = NO;
				CLANG_CXX_LANGUAGE_STANDARD = "gnu++0x";
				CLANG_CXX_LIBRARY = "libc++";
				CLANG_ENABLE_MODULES = YES;
				CLANG_ENABLE_OBJC_ARC = YES;
				CLANG_WARN_BOOL_CONVERSION = YES;
				CLANG_WARN_CONSTANT_CONVERSION = YES;
				CLANG_WARN_DIRECT_OBJC_ISA_USAGE = YES_ERROR;
				CLANG_WARN_EMPTY_BODY = YES;
				CLANG_WARN_ENUM_CONVERSION = YES;
				CLANG_WARN_INT_CONVERSION = YES;
				CLANG_WARN_OBJC_ROOT_CLASS = YES_ERROR;
				CLANG_WARN_UNREACHABLE_CODE = YES;
				CLANG_WARN__DUPLICATE_METHOD_MATCH = YES;
				"CODE_SIGN_IDENTITY[sdk=iphoneos*]" = "iPhone Developer";
				COPY_PHASE_STRIP = NO;
				DEBUG_INFORMATION_FORMAT = "dwarf-with-dsym";
				ENABLE_STRICT_OBJC_MSGSEND = YES;
				ENABLE_TESTABILITY = YES;
				GCC_C_LANGUAGE_STANDARD = gnu99;
				GCC_DYNAMIC_NO_PIC = NO;
				GCC_NO_COMMON_BLOCKS = YES;
				GCC_OPTIMIZATION_LEVEL = 0;
				GCC_PREPROCESSOR_DEFINITIONS = (
					"DEBUG=1",
					"$(inherited)",
				);
				GCC_SYMBOLS_PRIVATE_EXTERN = NO;
				GCC_WARN_64_TO_32_BIT_CONVERSION = YES;
				GCC_WARN_ABOUT_RETURN_TYPE = YES_ERROR;
				GCC_WARN_UNDECLARED_SELECTOR = YES;
				GCC_WARN_UNINITIALIZED_AUTOS = YES_AGGRESSIVE;
				GCC_WARN_UNUSED_FUNCTION = YES;
				GCC_WARN_UNUSED_VARIABLE = YES;
				IPHONEOS_DEPLOYMENT_TARGET = 8.4;
				MTL_ENABLE_DEBUG_INFO = YES;
				ONLY_ACTIVE_ARCH = YES;
				SDKROOT = iphoneos;
				TARGETED_DEVICE_FAMILY = "1,2";
			};
			name = Debug;
		};
		078572DE1B67815600DFA1FB /* Release */ = {
			isa = XCBuildConfiguration;
			buildSettings = {
				ALWAYS_SEARCH_USER_PATHS = NO;
				CLANG_CXX_LANGUAGE_STANDARD = "gnu++0x";
				CLANG_CXX_LIBRARY = "libc++";
				CLANG_ENABLE_MODULES = YES;
				CLANG_ENABLE_OBJC_ARC = YES;
				CLANG_WARN_BOOL_CONVERSION = YES;
				CLANG_WARN_CONSTANT_CONVERSION = YES;
				CLANG_WARN_DIRECT_OBJC_ISA_USAGE = YES_ERROR;
				CLANG_WARN_EMPTY_BODY = YES;
				CLANG_WARN_ENUM_CONVERSION = YES;
				CLANG_WARN_INT_CONVERSION = YES;
				CLANG_WARN_OBJC_ROOT_CLASS = YES_ERROR;
				CLANG_WARN_UNREACHABLE_CODE = YES;
				CLANG_WARN__DUPLICATE_METHOD_MATCH = YES;
				"CODE_SIGN_IDENTITY[sdk=iphoneos*]" = "iPhone Developer";
				COPY_PHASE_STRIP = NO;
				DEBUG_INFORMATION_FORMAT = "dwarf-with-dsym";
				ENABLE_NS_ASSERTIONS = NO;
				ENABLE_STRICT_OBJC_MSGSEND = YES;
				GCC_C_LANGUAGE_STANDARD = gnu99;
				GCC_NO_COMMON_BLOCKS = YES;
				GCC_WARN_64_TO_32_BIT_CONVERSION = YES;
				GCC_WARN_ABOUT_RETURN_TYPE = YES_ERROR;
				GCC_WARN_UNDECLARED_SELECTOR = YES;
				GCC_WARN_UNINITIALIZED_AUTOS = YES_AGGRESSIVE;
				GCC_WARN_UNUSED_FUNCTION = YES;
				GCC_WARN_UNUSED_VARIABLE = YES;
				IPHONEOS_DEPLOYMENT_TARGET = 8.4;
				MTL_ENABLE_DEBUG_INFO = NO;
				SDKROOT = iphoneos;
				TARGETED_DEVICE_FAMILY = "1,2";
				VALIDATE_PRODUCT = YES;
			};
			name = Release;
		};
		078572E01B67815600DFA1FB /* Debug */ = {
			isa = XCBuildConfiguration;
			buildSettings = {
				ASSETCATALOG_COMPILER_APPICON_NAME = AppIcon;
				INFOPLIST_FILE = Demo/Info.plist;
				LD_RUNPATH_SEARCH_PATHS = "$(inherited) @executable_path/Frameworks";
				LIBRARY_SEARCH_PATHS = (
					"$(inherited)",
					/Users/zhubch/Desktop/github/PeerOc/PeerOc/RTC,
				);
				PRODUCT_BUNDLE_IDENTIFIER = "zhubch.$(PRODUCT_NAME:rfc1034identifier)";
				PRODUCT_NAME = "$(TARGET_NAME)";
			};
			name = Debug;
		};
		078572E11B67815600DFA1FB /* Release */ = {
			isa = XCBuildConfiguration;
			buildSettings = {
				ASSETCATALOG_COMPILER_APPICON_NAME = AppIcon;
				INFOPLIST_FILE = Demo/Info.plist;
				LD_RUNPATH_SEARCH_PATHS = "$(inherited) @executable_path/Frameworks";
				LIBRARY_SEARCH_PATHS = (
					"$(inherited)",
					/Users/zhubch/Desktop/github/PeerOc/PeerOc/RTC,
				);
				PRODUCT_BUNDLE_IDENTIFIER = "zhubch.$(PRODUCT_NAME:rfc1034identifier)";
				PRODUCT_NAME = "$(TARGET_NAME)";
			};
			name = Release;
		};
		078572E31B67815600DFA1FB /* Debug */ = {
			isa = XCBuildConfiguration;
			buildSettings = {
				BUNDLE_LOADER = "$(TEST_HOST)";
				FRAMEWORK_SEARCH_PATHS = (
					"$(SDKROOT)/Developer/Library/Frameworks",
					"$(inherited)",
				);
				GCC_PREPROCESSOR_DEFINITIONS = (
					"DEBUG=1",
					"$(inherited)",
				);
				INFOPLIST_FILE = DemoTests/Info.plist;
				LD_RUNPATH_SEARCH_PATHS = "$(inherited) @executable_path/Frameworks @loader_path/Frameworks";
				PRODUCT_BUNDLE_IDENTIFIER = "zhubch.$(PRODUCT_NAME:rfc1034identifier)";
				PRODUCT_NAME = "$(TARGET_NAME)";
				TEST_HOST = "$(BUILT_PRODUCTS_DIR)/Demo.app/Demo";
			};
			name = Debug;
		};
		078572E41B67815600DFA1FB /* Release */ = {
			isa = XCBuildConfiguration;
			buildSettings = {
				BUNDLE_LOADER = "$(TEST_HOST)";
				FRAMEWORK_SEARCH_PATHS = (
					"$(SDKROOT)/Developer/Library/Frameworks",
					"$(inherited)",
				);
				INFOPLIST_FILE = DemoTests/Info.plist;
				LD_RUNPATH_SEARCH_PATHS = "$(inherited) @executable_path/Frameworks @loader_path/Frameworks";
				PRODUCT_BUNDLE_IDENTIFIER = "zhubch.$(PRODUCT_NAME:rfc1034identifier)";
				PRODUCT_NAME = "$(TARGET_NAME)";
				TEST_HOST = "$(BUILT_PRODUCTS_DIR)/Demo.app/Demo";
			};
			name = Release;
		};
/* End XCBuildConfiguration section */

/* Begin XCConfigurationList section */
		078572B71B67815500DFA1FB /* Build configuration list for PBXProject "Demo" */ = {
			isa = XCConfigurationList;
			buildConfigurations = (
				078572DD1B67815600DFA1FB /* Debug */,
				078572DE1B67815600DFA1FB /* Release */,
			);
			defaultConfigurationIsVisible = 0;
			defaultConfigurationName = Release;
		};
		078572DF1B67815600DFA1FB /* Build configuration list for PBXNativeTarget "Demo" */ = {
			isa = XCConfigurationList;
			buildConfigurations = (
				078572E01B67815600DFA1FB /* Debug */,
				078572E11B67815600DFA1FB /* Release */,
			);
			defaultConfigurationIsVisible = 0;
			defaultConfigurationName = Release;
		};
		078572E21B67815600DFA1FB /* Build configuration list for PBXNativeTarget "DemoTests" */ = {
			isa = XCConfigurationList;
			buildConfigurations = (
				078572E31B67815600DFA1FB /* Debug */,
				078572E41B67815600DFA1FB /* Release */,
			);
			defaultConfigurationIsVisible = 0;
			defaultConfigurationName = Release;
		};
/* End XCConfigurationList section */
	};
	rootObject = 078572B41B67815500DFA1FB /* Project object */;
}
